
Microsoft Visual Studio Solution File, Format Version 12.00
# Visual Studio Version 16
VisualStudioVersion = 16.0.32126.315
MinimumVisualStudioVersion = 10.0.40219.1
Project("{FAE04EC0-301F-11D3-BF4B-00C04F79EFBC}") = "Hastane_Projesi", "Hastane_Projesi\Hastane_Projesi.csproj", "{61BBDBE5-C6BC-48CB-82DF-462834B3D016}"
EndProject
Global
	GlobalSection(SolutionConfigurationPlatforms) = preSolution
		Debug|Any CPU = Debug|Any CPU
		Release|Any CPU = Release|Any CPU
	EndGlobalSection
	GlobalSection(ProjectConfigurationPlatforms) = postSolution
		{61BBDBE5-C6BC-48CB-82DF-462834B3D016}.Debug|Any CPU.ActiveCfg = Debug|Any CPU
		{61BBDBE5-C6BC-48CB-82DF-462834B3D016}.Debug|Any CPU.Build.0 = Debug|Any CPU
		{61BBDBE5-C6BC-48CB-82DF-462834B3D016}.Release|Any CPU.ActiveCfg = Release|Any CPU
		{61BBDBE5-C6BC-48CB-82DF-462834B3D016}.Release|Any CPU.Build.0 = Release|Any CPU
	EndGlobalSection
	GlobalSection(SolutionProperties) = preSolution
		HideSolutionNode = FALSE
	EndGlobalSection
	GlobalSection(ExtensibilityGlobals) = postSolution
		SolutionGuid = {B1FD47FB-FED1-4ACC-892F-2A9A6081E090}
	EndGlobalSection
EndGlobal
